
Microsoft Visual Studio Solution File, Format Version 12.00
# Visual Studio Version 17
VisualStudioVersion = 17.5.002.0
MinimumVisualStudioVersion = 10.0.40219.1
Project("{9A19103F-16F7-4668-BE54-9A1E7A4F7556}") = "01-P01", "01-P01.csproj", "{0BB02216-A94F-4DE0-9F0F-EE47E7FFD429}"
EndProject
Global
	GlobalSection(SolutionConfigurationPlatforms) = preSolution
		Debug|Any CPU = Debug|Any CPU
		Release|Any CPU = Release|Any CPU
	EndGlobalSection
	GlobalSection(ProjectConfigurationPlatforms) = postSolution
		{0BB02216-A94F-4DE0-9F0F-EE47E7FFD429}.Debug|Any CPU.ActiveCfg = Debug|Any CPU
		{0BB02216-A94F-4DE0-9F0F-EE47E7FFD429}.Debug|Any CPU.Build.0 = Debug|Any CPU
		{0BB02216-A94F-4DE0-9F0F-EE47E7FFD429}.Release|Any CPU.ActiveCfg = Release|Any CPU
		{0BB02216-A94F-4DE0-9F0F-EE47E7FFD429}.Release|Any CPU.Build.0 = Release|Any CPU
	EndGlobalSection
	GlobalSection(SolutionProperties) = preSolution
		HideSolutionNode = FALSE
	EndGlobalSection
	GlobalSection(ExtensibilityGlobals) = postSolution
		SolutionGuid = {AEF51CA9-B40D-4FAA-B9CF-CB6AEEA87F4E}
	EndGlobalSection
EndGlobal
