
Microsoft Visual Studio Solution File, Format Version 12.00
# Visual Studio Version 17
VisualStudioVersion = 17.5.002.0
MinimumVisualStudioVersion = 10.0.40219.1
Project("{9A19103F-16F7-4668-BE54-9A1E7A4F7556}") = "01", "01\01.csproj", "{7AF47BBE-22E6-4ED5-BA5F-19557693AC20}"
EndProject
Global
	GlobalSection(SolutionConfigurationPlatforms) = preSolution
		Debug|Any CPU = Debug|Any CPU
		Release|Any CPU = Release|Any CPU
	EndGlobalSection
	GlobalSection(ProjectConfigurationPlatforms) = postSolution
		{7AF47BBE-22E6-4ED5-BA5F-19557693AC20}.Debug|Any CPU.ActiveCfg = Debug|Any CPU
		{7AF47BBE-22E6-4ED5-BA5F-19557693AC20}.Debug|Any CPU.Build.0 = Debug|Any CPU
		{7AF47BBE-22E6-4ED5-BA5F-19557693AC20}.Release|Any CPU.ActiveCfg = Release|Any CPU
		{7AF47BBE-22E6-4ED5-BA5F-19557693AC20}.Release|Any CPU.Build.0 = Release|Any CPU
	EndGlobalSection
	GlobalSection(SolutionProperties) = preSolution
		HideSolutionNode = FALSE
	EndGlobalSection
	GlobalSection(ExtensibilityGlobals) = postSolution
		SolutionGuid = {A493ACDD-B765-4595-B4DB-151276F99E06}
	EndGlobalSection
EndGlobal
