
Microsoft Visual Studio Solution File, Format Version 12.00
# Visual Studio Version 17
VisualStudioVersion = 17.5.002.0
MinimumVisualStudioVersion = 10.0.40219.1
Project("{9A19103F-16F7-4668-BE54-9A1E7A4F7556}") = "01-P02", "01-P02.csproj", "{C214448B-4324-415B-A7D7-D4E5885FF766}"
EndProject
Global
	GlobalSection(SolutionConfigurationPlatforms) = preSolution
		Debug|Any CPU = Debug|Any CPU
		Release|Any CPU = Release|Any CPU
	EndGlobalSection
	GlobalSection(ProjectConfigurationPlatforms) = postSolution
		{C214448B-4324-415B-A7D7-D4E5885FF766}.Debug|Any CPU.ActiveCfg = Debug|Any CPU
		{C214448B-4324-415B-A7D7-D4E5885FF766}.Debug|Any CPU.Build.0 = Debug|Any CPU
		{C214448B-4324-415B-A7D7-D4E5885FF766}.Release|Any CPU.ActiveCfg = Release|Any CPU
		{C214448B-4324-415B-A7D7-D4E5885FF766}.Release|Any CPU.Build.0 = Release|Any CPU
	EndGlobalSection
	GlobalSection(SolutionProperties) = preSolution
		HideSolutionNode = FALSE
	EndGlobalSection
	GlobalSection(ExtensibilityGlobals) = postSolution
		SolutionGuid = {321E07DE-B4B8-4B55-AC9A-15D37D18B7DD}
	EndGlobalSection
EndGlobal
